// !$*UTF8*$!
{
	archiveVersion = 1;
	classes = {
	};
	objectVersion = 56;
	objects = {

/* Begin PBXBuildFile section */
		27B751CF2A153063003EE5A5 /* LoadingBar.swift in Sources */ = {isa = PBXBuildFile; fileRef = 27B751CE2A153063003EE5A5 /* LoadingBar.swift */; };
		515465AA2A0A9D0700382856 /* MoneyTalksApp.swift in Sources */ = {isa = PBXBuildFile; fileRef = 515465A92A0A9D0700382856 /* MoneyTalksApp.swift */; };
		515465AC2A0A9D0700382856 /* ContentView.swift in Sources */ = {isa = PBXBuildFile; fileRef = 515465AB2A0A9D0700382856 /* ContentView.swift */; };
		515465AE2A0A9D0800382856 /* Assets.xcassets in Resources */ = {isa = PBXBuildFile; fileRef = 515465AD2A0A9D0800382856 /* Assets.xcassets */; };
		515465B12A0A9D0800382856 /* Preview Assets.xcassets in Resources */ = {isa = PBXBuildFile; fileRef = 515465B02A0A9D0800382856 /* Preview Assets.xcassets */; };
		515465BB2A0A9D0800382856 /* MoneyTalksTests.swift in Sources */ = {isa = PBXBuildFile; fileRef = 515465BA2A0A9D0800382856 /* MoneyTalksTests.swift */; };
		515465C52A0A9D0800382856 /* MoneyTalksUITests.swift in Sources */ = {isa = PBXBuildFile; fileRef = 515465C42A0A9D0800382856 /* MoneyTalksUITests.swift */; };
		515465C72A0A9D0800382856 /* MoneyTalksUITestsLaunchTests.swift in Sources */ = {isa = PBXBuildFile; fileRef = 515465C62A0A9D0800382856 /* MoneyTalksUITestsLaunchTests.swift */; };
		5163E5CD2A0D3CBA00758771 /* GoogleService-Info.plist in Resources */ = {isa = PBXBuildFile; fileRef = 5163E5CC2A0D3CBA00758771 /* GoogleService-Info.plist */; };
		517D644F2A0AA60000EA4352 /* FirebaseAnalytics in Frameworks */ = {isa = PBXBuildFile; productRef = 517D644E2A0AA60000EA4352 /* FirebaseAnalytics */; };
		517D64512A0AA60000EA4352 /* FirebaseAnalyticsOnDeviceConversion in Frameworks */ = {isa = PBXBuildFile; productRef = 517D64502A0AA60000EA4352 /* FirebaseAnalyticsOnDeviceConversion */; };
		517D64532A0AA60000EA4352 /* FirebaseAnalyticsSwift in Frameworks */ = {isa = PBXBuildFile; productRef = 517D64522A0AA60000EA4352 /* FirebaseAnalyticsSwift */; };
		517D64552A0AA60000EA4352 /* FirebaseAnalyticsWithoutAdIdSupport in Frameworks */ = {isa = PBXBuildFile; productRef = 517D64542A0AA60000EA4352 /* FirebaseAnalyticsWithoutAdIdSupport */; };
		517D64572A0AA60000EA4352 /* FirebaseAppCheck in Frameworks */ = {isa = PBXBuildFile; productRef = 517D64562A0AA60000EA4352 /* FirebaseAppCheck */; };
		517D64592A0AA60000EA4352 /* FirebaseAppDistribution-Beta in Frameworks */ = {isa = PBXBuildFile; productRef = 517D64582A0AA60000EA4352 /* FirebaseAppDistribution-Beta */; };
		517D645B2A0AA60000EA4352 /* FirebaseAuth in Frameworks */ = {isa = PBXBuildFile; productRef = 517D645A2A0AA60000EA4352 /* FirebaseAuth */; };
		517D645D2A0AA60000EA4352 /* FirebaseAuthCombine-Community in Frameworks */ = {isa = PBXBuildFile; productRef = 517D645C2A0AA60000EA4352 /* FirebaseAuthCombine-Community */; };
		517D645F2A0AA60000EA4352 /* FirebaseCrashlytics in Frameworks */ = {isa = PBXBuildFile; productRef = 517D645E2A0AA60000EA4352 /* FirebaseCrashlytics */; };
		517D64612A0AA60000EA4352 /* FirebaseDatabase in Frameworks */ = {isa = PBXBuildFile; productRef = 517D64602A0AA60000EA4352 /* FirebaseDatabase */; };
		517D64632A0AA60000EA4352 /* FirebaseDatabaseSwift in Frameworks */ = {isa = PBXBuildFile; productRef = 517D64622A0AA60000EA4352 /* FirebaseDatabaseSwift */; };
		517D64652A0AA60000EA4352 /* FirebaseDynamicLinks in Frameworks */ = {isa = PBXBuildFile; productRef = 517D64642A0AA60000EA4352 /* FirebaseDynamicLinks */; };
		517D64672A0AA60000EA4352 /* FirebaseFirestore in Frameworks */ = {isa = PBXBuildFile; productRef = 517D64662A0AA60000EA4352 /* FirebaseFirestore */; };
		517D64692A0AA60000EA4352 /* FirebaseFirestoreCombine-Community in Frameworks */ = {isa = PBXBuildFile; productRef = 517D64682A0AA60000EA4352 /* FirebaseFirestoreCombine-Community */; };
		517D646B2A0AA60000EA4352 /* FirebaseFirestoreSwift in Frameworks */ = {isa = PBXBuildFile; productRef = 517D646A2A0AA60000EA4352 /* FirebaseFirestoreSwift */; };
		517D646D2A0AA60100EA4352 /* FirebaseFunctions in Frameworks */ = {isa = PBXBuildFile; productRef = 517D646C2A0AA60100EA4352 /* FirebaseFunctions */; };
		517D646F2A0AA60100EA4352 /* FirebaseFunctionsCombine-Community in Frameworks */ = {isa = PBXBuildFile; productRef = 517D646E2A0AA60100EA4352 /* FirebaseFunctionsCombine-Community */; };
		517D64712A0AA60100EA4352 /* FirebaseInAppMessaging-Beta in Frameworks */ = {isa = PBXBuildFile; productRef = 517D64702A0AA60100EA4352 /* FirebaseInAppMessaging-Beta */; };
		517D64732A0AA60100EA4352 /* FirebaseInAppMessagingSwift-Beta in Frameworks */ = {isa = PBXBuildFile; productRef = 517D64722A0AA60100EA4352 /* FirebaseInAppMessagingSwift-Beta */; };
		517D64752A0AA60100EA4352 /* FirebaseInstallations in Frameworks */ = {isa = PBXBuildFile; productRef = 517D64742A0AA60100EA4352 /* FirebaseInstallations */; };
		517D64772A0AA60100EA4352 /* FirebaseMLModelDownloader in Frameworks */ = {isa = PBXBuildFile; productRef = 517D64762A0AA60100EA4352 /* FirebaseMLModelDownloader */; };
		517D64792A0AA60100EA4352 /* FirebaseMessaging in Frameworks */ = {isa = PBXBuildFile; productRef = 517D64782A0AA60100EA4352 /* FirebaseMessaging */; };
		517D647B2A0AA60100EA4352 /* FirebasePerformance in Frameworks */ = {isa = PBXBuildFile; productRef = 517D647A2A0AA60100EA4352 /* FirebasePerformance */; };
		517D647D2A0AA60100EA4352 /* FirebaseRemoteConfig in Frameworks */ = {isa = PBXBuildFile; productRef = 517D647C2A0AA60100EA4352 /* FirebaseRemoteConfig */; };
		517D647F2A0AA60100EA4352 /* FirebaseRemoteConfigSwift in Frameworks */ = {isa = PBXBuildFile; productRef = 517D647E2A0AA60100EA4352 /* FirebaseRemoteConfigSwift */; };
		517D64812A0AA60100EA4352 /* FirebaseStorage in Frameworks */ = {isa = PBXBuildFile; productRef = 517D64802A0AA60100EA4352 /* FirebaseStorage */; };
		517D64832A0AA60100EA4352 /* FirebaseStorageCombine-Community in Frameworks */ = {isa = PBXBuildFile; productRef = 517D64822A0AA60100EA4352 /* FirebaseStorageCombine-Community */; };
/* End PBXBuildFile section */

/* Begin PBXContainerItemProxy section */
		515465B72A0A9D0800382856 /* PBXContainerItemProxy */ = {
			isa = PBXContainerItemProxy;
			containerPortal = 5154659E2A0A9D0700382856 /* Project object */;
			proxyType = 1;
			remoteGlobalIDString = 515465A52A0A9D0700382856;
			remoteInfo = MoneyTalks;
		};
		515465C12A0A9D0800382856 /* PBXContainerItemProxy */ = {
			isa = PBXContainerItemProxy;
			containerPortal = 5154659E2A0A9D0700382856 /* Project object */;
			proxyType = 1;
			remoteGlobalIDString = 515465A52A0A9D0700382856;
			remoteInfo = MoneyTalks;
		};
/* End PBXContainerItemProxy section */

/* Begin PBXFileReference section */
		27B751CE2A153063003EE5A5 /* LoadingBar.swift */ = {isa = PBXFileReference; lastKnownFileType = sourcecode.swift; path = LoadingBar.swift; sourceTree = "<group>"; };
		515465A62A0A9D0700382856 /* MoneyTalks.app */ = {isa = PBXFileReference; explicitFileType = wrapper.application; includeInIndex = 0; path = MoneyTalks.app; sourceTree = BUILT_PRODUCTS_DIR; };
		515465A92A0A9D0700382856 /* MoneyTalksApp.swift */ = {isa = PBXFileReference; lastKnownFileType = sourcecode.swift; path = MoneyTalksApp.swift; sourceTree = "<group>"; };
		515465AB2A0A9D0700382856 /* ContentView.swift */ = {isa = PBXFileReference; lastKnownFileType = sourcecode.swift; path = ContentView.swift; sourceTree = "<group>"; };
		515465AD2A0A9D0800382856 /* Assets.xcassets */ = {isa = PBXFileReference; lastKnownFileType = folder.assetcatalog; path = Assets.xcassets; sourceTree = "<group>"; };
		515465B02A0A9D0800382856 /* Preview Assets.xcassets */ = {isa = PBXFileReference; lastKnownFileType = folder.assetcatalog; path = "Preview Assets.xcassets"; sourceTree = "<group>"; };
		515465B62A0A9D0800382856 /* MoneyTalksTests.xctest */ = {isa = PBXFileReference; explicitFileType = wrapper.cfbundle; includeInIndex = 0; path = MoneyTalksTests.xctest; sourceTree = BUILT_PRODUCTS_DIR; };
		515465BA2A0A9D0800382856 /* MoneyTalksTests.swift */ = {isa = PBXFileReference; lastKnownFileType = sourcecode.swift; path = MoneyTalksTests.swift; sourceTree = "<group>"; };
		515465C02A0A9D0800382856 /* MoneyTalksUITests.xctest */ = {isa = PBXFileReference; explicitFileType = wrapper.cfbundle; includeInIndex = 0; path = MoneyTalksUITests.xctest; sourceTree = BUILT_PRODUCTS_DIR; };
		515465C42A0A9D0800382856 /* MoneyTalksUITests.swift */ = {isa = PBXFileReference; lastKnownFileType = sourcecode.swift; path = MoneyTalksUITests.swift; sourceTree = "<group>"; };
		515465C62A0A9D0800382856 /* MoneyTalksUITestsLaunchTests.swift */ = {isa = PBXFileReference; lastKnownFileType = sourcecode.swift; path = MoneyTalksUITestsLaunchTests.swift; sourceTree = "<group>"; };
		5163E5CC2A0D3CBA00758771 /* GoogleService-Info.plist */ = {isa = PBXFileReference; fileEncoding = 4; lastKnownFileType = text.plist.xml; path = "GoogleService-Info.plist"; sourceTree = "<group>"; };
/* End PBXFileReference section */

/* Begin PBXFrameworksBuildPhase section */
		515465A32A0A9D0700382856 /* Frameworks */ = {
			isa = PBXFrameworksBuildPhase;
			buildActionMask = 2147483647;
			files = (
				517D646D2A0AA60100EA4352 /* FirebaseFunctions in Frameworks */,
				517D64632A0AA60000EA4352 /* FirebaseDatabaseSwift in Frameworks */,
				517D64732A0AA60100EA4352 /* FirebaseInAppMessagingSwift-Beta in Frameworks */,
				517D64792A0AA60100EA4352 /* FirebaseMessaging in Frameworks */,
				517D64592A0AA60000EA4352 /* FirebaseAppDistribution-Beta in Frameworks */,
				517D645D2A0AA60000EA4352 /* FirebaseAuthCombine-Community in Frameworks */,
				517D64692A0AA60000EA4352 /* FirebaseFirestoreCombine-Community in Frameworks */,
				517D64532A0AA60000EA4352 /* FirebaseAnalyticsSwift in Frameworks */,
				517D64772A0AA60100EA4352 /* FirebaseMLModelDownloader in Frameworks */,
				517D64552A0AA60000EA4352 /* FirebaseAnalyticsWithoutAdIdSupport in Frameworks */,
				517D644F2A0AA60000EA4352 /* FirebaseAnalytics in Frameworks */,
				517D646B2A0AA60000EA4352 /* FirebaseFirestoreSwift in Frameworks */,
				517D64512A0AA60000EA4352 /* FirebaseAnalyticsOnDeviceConversion in Frameworks */,
				517D64572A0AA60000EA4352 /* FirebaseAppCheck in Frameworks */,
				517D647B2A0AA60100EA4352 /* FirebasePerformance in Frameworks */,
				517D64712A0AA60100EA4352 /* FirebaseInAppMessaging-Beta in Frameworks */,
				517D646F2A0AA60100EA4352 /* FirebaseFunctionsCombine-Community in Frameworks */,
				517D645F2A0AA60000EA4352 /* FirebaseCrashlytics in Frameworks */,
				517D64752A0AA60100EA4352 /* FirebaseInstallations in Frameworks */,
				517D647D2A0AA60100EA4352 /* FirebaseRemoteConfig in Frameworks */,
				517D64812A0AA60100EA4352 /* FirebaseStorage in Frameworks */,
				517D64612A0AA60000EA4352 /* FirebaseDatabase in Frameworks */,
				517D64832A0AA60100EA4352 /* FirebaseStorageCombine-Community in Frameworks */,
				517D645B2A0AA60000EA4352 /* FirebaseAuth in Frameworks */,
				517D64652A0AA60000EA4352 /* FirebaseDynamicLinks in Frameworks */,
				517D64672A0AA60000EA4352 /* FirebaseFirestore in Frameworks */,
				517D647F2A0AA60100EA4352 /* FirebaseRemoteConfigSwift in Frameworks */,
			);
			runOnlyForDeploymentPostprocessing = 0;
		};
		515465B32A0A9D0800382856 /* Frameworks */ = {
			isa = PBXFrameworksBuildPhase;
			buildActionMask = 2147483647;
			files = (
			);
			runOnlyForDeploymentPostprocessing = 0;
		};
		515465BD2A0A9D0800382856 /* Frameworks */ = {
			isa = PBXFrameworksBuildPhase;
			buildActionMask = 2147483647;
			files = (
			);
			runOnlyForDeploymentPostprocessing = 0;
		};
/* End PBXFrameworksBuildPhase section */

/* Begin PBXGroup section */
		5154659D2A0A9D0700382856 = {
			isa = PBXGroup;
			children = (
				515465A82A0A9D0700382856 /* MoneyTalks */,
				515465B92A0A9D0800382856 /* MoneyTalksTests */,
				515465C32A0A9D0800382856 /* MoneyTalksUITests */,
				515465A72A0A9D0700382856 /* Products */,
			);
			sourceTree = "<group>";
		};
		515465A72A0A9D0700382856 /* Products */ = {
			isa = PBXGroup;
			children = (
				515465A62A0A9D0700382856 /* MoneyTalks.app */,
				515465B62A0A9D0800382856 /* MoneyTalksTests.xctest */,
				515465C02A0A9D0800382856 /* MoneyTalksUITests.xctest */,
			);
			name = Products;
			sourceTree = "<group>";
		};
		515465A82A0A9D0700382856 /* MoneyTalks */ = {
			isa = PBXGroup;
			children = (
				5163E5CC2A0D3CBA00758771 /* GoogleService-Info.plist */,
				515465A92A0A9D0700382856 /* MoneyTalksApp.swift */,
				27B751CE2A153063003EE5A5 /* LoadingBar.swift */,
				515465AB2A0A9D0700382856 /* ContentView.swift */,
				515465AD2A0A9D0800382856 /* Assets.xcassets */,
				515465AF2A0A9D0800382856 /* Preview Content */,
			);
			path = MoneyTalks;
			sourceTree = "<group>";
		};
		515465AF2A0A9D0800382856 /* Preview Content */ = {
			isa = PBXGroup;
			children = (
				515465B02A0A9D0800382856 /* Preview Assets.xcassets */,
			);
			path = "Preview Content";
			sourceTree = "<group>";
		};
		515465B92A0A9D0800382856 /* MoneyTalksTests */ = {
			isa = PBXGroup;
			children = (
				515465BA2A0A9D0800382856 /* MoneyTalksTests.swift */,
			);
			path = MoneyTalksTests;
			sourceTree = "<group>";
		};
		515465C32A0A9D0800382856 /* MoneyTalksUITests */ = {
			isa = PBXGroup;
			children = (
				515465C42A0A9D0800382856 /* MoneyTalksUITests.swift */,
				515465C62A0A9D0800382856 /* MoneyTalksUITestsLaunchTests.swift */,
			);
			path = MoneyTalksUITests;
			sourceTree = "<group>";
		};
/* End PBXGroup section */

/* Begin PBXNativeTarget section */
		515465A52A0A9D0700382856 /* MoneyTalks */ = {
			isa = PBXNativeTarget;
			buildConfigurationList = 515465CA2A0A9D0800382856 /* Build configuration list for PBXNativeTarget "MoneyTalks" */;
			buildPhases = (
				515465A22A0A9D0700382856 /* Sources */,
				515465A32A0A9D0700382856 /* Frameworks */,
				515465A42A0A9D0700382856 /* Resources */,
			);
			buildRules = (
			);
			dependencies = (
				517D644C2A0AA51C00EA4352 /* PBXTargetDependency */,
			);
			name = MoneyTalks;
			packageProductDependencies = (
				517D644E2A0AA60000EA4352 /* FirebaseAnalytics */,
				517D64502A0AA60000EA4352 /* FirebaseAnalyticsOnDeviceConversion */,
				517D64522A0AA60000EA4352 /* FirebaseAnalyticsSwift */,
				517D64542A0AA60000EA4352 /* FirebaseAnalyticsWithoutAdIdSupport */,
				517D64562A0AA60000EA4352 /* FirebaseAppCheck */,
				517D64582A0AA60000EA4352 /* FirebaseAppDistribution-Beta */,
				517D645A2A0AA60000EA4352 /* FirebaseAuth */,
				517D645C2A0AA60000EA4352 /* FirebaseAuthCombine-Community */,
				517D645E2A0AA60000EA4352 /* FirebaseCrashlytics */,
				517D64602A0AA60000EA4352 /* FirebaseDatabase */,
				517D64622A0AA60000EA4352 /* FirebaseDatabaseSwift */,
				517D64642A0AA60000EA4352 /* FirebaseDynamicLinks */,
				517D64662A0AA60000EA4352 /* FirebaseFirestore */,
				517D64682A0AA60000EA4352 /* FirebaseFirestoreCombine-Community */,
				517D646A2A0AA60000EA4352 /* FirebaseFirestoreSwift */,
				517D646C2A0AA60100EA4352 /* FirebaseFunctions */,
				517D646E2A0AA60100EA4352 /* FirebaseFunctionsCombine-Community */,
				517D64702A0AA60100EA4352 /* FirebaseInAppMessaging-Beta */,
				517D64722A0AA60100EA4352 /* FirebaseInAppMessagingSwift-Beta */,
				517D64742A0AA60100EA4352 /* FirebaseInstallations */,
				517D64762A0AA60100EA4352 /* FirebaseMLModelDownloader */,
				517D64782A0AA60100EA4352 /* FirebaseMessaging */,
				517D647A2A0AA60100EA4352 /* FirebasePerformance */,
				517D647C2A0AA60100EA4352 /* FirebaseRemoteConfig */,
				517D647E2A0AA60100EA4352 /* FirebaseRemoteConfigSwift */,
				517D64802A0AA60100EA4352 /* FirebaseStorage */,
				517D64822A0AA60100EA4352 /* FirebaseStorageCombine-Community */,
			);
			productName = MoneyTalks;
			productReference = 515465A62A0A9D0700382856 /* MoneyTalks.app */;
			productType = "com.apple.product-type.application";
		};
		515465B52A0A9D0800382856 /* MoneyTalksTests */ = {
			isa = PBXNativeTarget;
			buildConfigurationList = 515465CD2A0A9D0800382856 /* Build configuration list for PBXNativeTarget "MoneyTalksTests" */;
			buildPhases = (
				515465B22A0A9D0800382856 /* Sources */,
				515465B32A0A9D0800382856 /* Frameworks */,
				515465B42A0A9D0800382856 /* Resources */,
			);
			buildRules = (
			);
			dependencies = (
				515465B82A0A9D0800382856 /* PBXTargetDependency */,
			);
			name = MoneyTalksTests;
			productName = MoneyTalksTests;
			productReference = 515465B62A0A9D0800382856 /* MoneyTalksTests.xctest */;
			productType = "com.apple.product-type.bundle.unit-test";
		};
		515465BF2A0A9D0800382856 /* MoneyTalksUITests */ = {
			isa = PBXNativeTarget;
			buildConfigurationList = 515465D02A0A9D0800382856 /* Build configuration list for PBXNativeTarget "MoneyTalksUITests" */;
			buildPhases = (
				515465BC2A0A9D0800382856 /* Sources */,
				515465BD2A0A9D0800382856 /* Frameworks */,
				515465BE2A0A9D0800382856 /* Resources */,
			);
			buildRules = (
			);
			dependencies = (
				515465C22A0A9D0800382856 /* PBXTargetDependency */,
			);
			name = MoneyTalksUITests;
			productName = MoneyTalksUITests;
			productReference = 515465C02A0A9D0800382856 /* MoneyTalksUITests.xctest */;
			productType = "com.apple.product-type.bundle.ui-testing";
		};
/* End PBXNativeTarget section */

/* Begin PBXProject section */
		5154659E2A0A9D0700382856 /* Project object */ = {
			isa = PBXProject;
			attributes = {
				BuildIndependentTargetsInParallel = 1;
				LastSwiftUpdateCheck = 1430;
				LastUpgradeCheck = 1430;
				TargetAttributes = {
					515465A52A0A9D0700382856 = {
						CreatedOnToolsVersion = 14.3;
					};
					515465B52A0A9D0800382856 = {
						CreatedOnToolsVersion = 14.3;
						TestTargetID = 515465A52A0A9D0700382856;
					};
					515465BF2A0A9D0800382856 = {
						CreatedOnToolsVersion = 14.3;
						TestTargetID = 515465A52A0A9D0700382856;
					};
				};
			};
			buildConfigurationList = 515465A12A0A9D0700382856 /* Build configuration list for PBXProject "MoneyTalks" */;
			compatibilityVersion = "Xcode 14.0";
			developmentRegion = en;
			hasScannedForEncodings = 0;
			knownRegions = (
				en,
				Base,
			);
			mainGroup = 5154659D2A0A9D0700382856;
			packageReferences = (
				517D64482A0AA3AD00EA4352 /* XCRemoteSwiftPackageReference "SwiftLint" */,
				517D644D2A0AA60000EA4352 /* XCRemoteSwiftPackageReference "firebase-ios-sdk" */,
			);
			productRefGroup = 515465A72A0A9D0700382856 /* Products */;
			projectDirPath = "";
			projectRoot = "";
			targets = (
				515465A52A0A9D0700382856 /* MoneyTalks */,
				515465B52A0A9D0800382856 /* MoneyTalksTests */,
				515465BF2A0A9D0800382856 /* MoneyTalksUITests */,
			);
		};
/* End PBXProject section */

/* Begin PBXResourcesBuildPhase section */
		515465A42A0A9D0700382856 /* Resources */ = {
			isa = PBXResourcesBuildPhase;
			buildActionMask = 2147483647;
			files = (
				515465B12A0A9D0800382856 /* Preview Assets.xcassets in Resources */,
				515465AE2A0A9D0800382856 /* Assets.xcassets in Resources */,
				5163E5CD2A0D3CBA00758771 /* GoogleService-Info.plist in Resources */,
			);
			runOnlyForDeploymentPostprocessing = 0;
		};
		515465B42A0A9D0800382856 /* Resources */ = {
			isa = PBXResourcesBuildPhase;
			buildActionMask = 2147483647;
			files = (
			);
			runOnlyForDeploymentPostprocessing = 0;
		};
		515465BE2A0A9D0800382856 /* Resources */ = {
			isa = PBXResourcesBuildPhase;
			buildActionMask = 2147483647;
			files = (
			);
			runOnlyForDeploymentPostprocessing = 0;
		};
/* End PBXResourcesBuildPhase section */

/* Begin PBXSourcesBuildPhase section */
		515465A22A0A9D0700382856 /* Sources */ = {
			isa = PBXSourcesBuildPhase;
			buildActionMask = 2147483647;
			files = (
				515465AC2A0A9D0700382856 /* ContentView.swift in Sources */,
				27B751CF2A153063003EE5A5 /* LoadingBar.swift in Sources */,
				515465AA2A0A9D0700382856 /* MoneyTalksApp.swift in Sources */,
			);
			runOnlyForDeploymentPostprocessing = 0;
		};
		515465B22A0A9D0800382856 /* Sources */ = {
			isa = PBXSourcesBuildPhase;
			buildActionMask = 2147483647;
			files = (
				515465BB2A0A9D0800382856 /* MoneyTalksTests.swift in Sources */,
			);
			runOnlyForDeploymentPostprocessing = 0;
		};
		515465BC2A0A9D0800382856 /* Sources */ = {
			isa = PBXSourcesBuildPhase;
			buildActionMask = 2147483647;
			files = (
				515465C52A0A9D0800382856 /* MoneyTalksUITests.swift in Sources */,
				515465C72A0A9D0800382856 /* MoneyTalksUITestsLaunchTests.swift in Sources */,
			);
			runOnlyForDeploymentPostprocessing = 0;
		};
/* End PBXSourcesBuildPhase section */

/* Begin PBXTargetDependency section */
		515465B82A0A9D0800382856 /* PBXTargetDependency */ = {
			isa = PBXTargetDependency;
			target = 515465A52A0A9D0700382856 /* MoneyTalks */;
			targetProxy = 515465B72A0A9D0800382856 /* PBXContainerItemProxy */;
		};
		515465C22A0A9D0800382856 /* PBXTargetDependency */ = {
			isa = PBXTargetDependency;
			target = 515465A52A0A9D0700382856 /* MoneyTalks */;
			targetProxy = 515465C12A0A9D0800382856 /* PBXContainerItemProxy */;
		};
		517D644C2A0AA51C00EA4352 /* PBXTargetDependency */ = {
			isa = PBXTargetDependency;
			productRef = 517D644B2A0AA51C00EA4352 /* SwiftLintPlugin */;
		};
/* End PBXTargetDependency section */

/* Begin XCBuildConfiguration section */
		515465C82A0A9D0800382856 /* Debug */ = {
			isa = XCBuildConfiguration;
			buildSettings = {
				ALWAYS_SEARCH_USER_PATHS = NO;
				CLANG_ANALYZER_NONNULL = YES;
				CLANG_ANALYZER_NUMBER_OBJECT_CONVERSION = YES_AGGRESSIVE;
				CLANG_CXX_LANGUAGE_STANDARD = "gnu++20";
				CLANG_ENABLE_MODULES = YES;
				CLANG_ENABLE_OBJC_ARC = YES;
				CLANG_ENABLE_OBJC_WEAK = YES;
				CLANG_WARN_BLOCK_CAPTURE_AUTORELEASING = YES;
				CLANG_WARN_BOOL_CONVERSION = YES;
				CLANG_WARN_COMMA = YES;
				CLANG_WARN_CONSTANT_CONVERSION = YES;
				CLANG_WARN_DEPRECATED_OBJC_IMPLEMENTATIONS = YES;
				CLANG_WARN_DIRECT_OBJC_ISA_USAGE = YES_ERROR;
				CLANG_WARN_DOCUMENTATION_COMMENTS = YES;
				CLANG_WARN_EMPTY_BODY = YES;
				CLANG_WARN_ENUM_CONVERSION = YES;
				CLANG_WARN_INFINITE_RECURSION = YES;
				CLANG_WARN_INT_CONVERSION = YES;
				CLANG_WARN_NON_LITERAL_NULL_CONVERSION = YES;
				CLANG_WARN_OBJC_IMPLICIT_RETAIN_SELF = YES;
				CLANG_WARN_OBJC_LITERAL_CONVERSION = YES;
				CLANG_WARN_OBJC_ROOT_CLASS = YES_ERROR;
				CLANG_WARN_QUOTED_INCLUDE_IN_FRAMEWORK_HEADER = YES;
				CLANG_WARN_RANGE_LOOP_ANALYSIS = YES;
				CLANG_WARN_STRICT_PROTOTYPES = YES;
				CLANG_WARN_SUSPICIOUS_MOVE = YES;
				CLANG_WARN_UNGUARDED_AVAILABILITY = YES_AGGRESSIVE;
				CLANG_WARN_UNREACHABLE_CODE = YES;
				CLANG_WARN__DUPLICATE_METHOD_MATCH = YES;
				COPY_PHASE_STRIP = NO;
				DEBUG_INFORMATION_FORMAT = dwarf;
				ENABLE_STRICT_OBJC_MSGSEND = YES;
				ENABLE_TESTABILITY = YES;
				GCC_C_LANGUAGE_STANDARD = gnu11;
				GCC_DYNAMIC_NO_PIC = NO;
				GCC_NO_COMMON_BLOCKS = YES;
				GCC_OPTIMIZATION_LEVEL = 0;
				GCC_PREPROCESSOR_DEFINITIONS = (
					"DEBUG=1",
					"$(inherited)",
				);
				GCC_WARN_64_TO_32_BIT_CONVERSION = YES;
				GCC_WARN_ABOUT_RETURN_TYPE = YES_ERROR;
				GCC_WARN_UNDECLARED_SELECTOR = YES;
				GCC_WARN_UNINITIALIZED_AUTOS = YES_AGGRESSIVE;
				GCC_WARN_UNUSED_FUNCTION = YES;
				GCC_WARN_UNUSED_VARIABLE = YES;
				IPHONEOS_DEPLOYMENT_TARGET = 16.4;
				MTL_ENABLE_DEBUG_INFO = INCLUDE_SOURCE;
				MTL_FAST_MATH = YES;
				ONLY_ACTIVE_ARCH = YES;
				SDKROOT = iphoneos;
				SWIFT_ACTIVE_COMPILATION_CONDITIONS = DEBUG;
				SWIFT_OPTIMIZATION_LEVEL = "-Onone";
			};
			name = Debug;
		};
		515465C92A0A9D0800382856 /* Release */ = {
			isa = XCBuildConfiguration;
			buildSettings = {
				ALWAYS_SEARCH_USER_PATHS = NO;
				CLANG_ANALYZER_NONNULL = YES;
				CLANG_ANALYZER_NUMBER_OBJECT_CONVERSION = YES_AGGRESSIVE;
				CLANG_CXX_LANGUAGE_STANDARD = "gnu++20";
				CLANG_ENABLE_MODULES = YES;
				CLANG_ENABLE_OBJC_ARC = YES;
				CLANG_ENABLE_OBJC_WEAK = YES;
				CLANG_WARN_BLOCK_CAPTURE_AUTORELEASING = YES;
				CLANG_WARN_BOOL_CONVERSION = YES;
				CLANG_WARN_COMMA = YES;
				CLANG_WARN_CONSTANT_CONVERSION = YES;
				CLANG_WARN_DEPRECATED_OBJC_IMPLEMENTATIONS = YES;
				CLANG_WARN_DIRECT_OBJC_ISA_USAGE = YES_ERROR;
				CLANG_WARN_DOCUMENTATION_COMMENTS = YES;
				CLANG_WARN_EMPTY_BODY = YES;
				CLANG_WARN_ENUM_CONVERSION = YES;
				CLANG_WARN_INFINITE_RECURSION = YES;
				CLANG_WARN_INT_CONVERSION = YES;
				CLANG_WARN_NON_LITERAL_NULL_CONVERSION = YES;
				CLANG_WARN_OBJC_IMPLICIT_RETAIN_SELF = YES;
				CLANG_WARN_OBJC_LITERAL_CONVERSION = YES;
				CLANG_WARN_OBJC_ROOT_CLASS = YES_ERROR;
				CLANG_WARN_QUOTED_INCLUDE_IN_FRAMEWORK_HEADER = YES;
				CLANG_WARN_RANGE_LOOP_ANALYSIS = YES;
				CLANG_WARN_STRICT_PROTOTYPES = YES;
				CLANG_WARN_SUSPICIOUS_MOVE = YES;
				CLANG_WARN_UNGUARDED_AVAILABILITY = YES_AGGRESSIVE;
				CLANG_WARN_UNREACHABLE_CODE = YES;
				CLANG_WARN__DUPLICATE_METHOD_MATCH = YES;
				COPY_PHASE_STRIP = NO;
				DEBUG_INFORMATION_FORMAT = "dwarf-with-dsym";
				ENABLE_NS_ASSERTIONS = NO;
				ENABLE_STRICT_OBJC_MSGSEND = YES;
				GCC_C_LANGUAGE_STANDARD = gnu11;
				GCC_NO_COMMON_BLOCKS = YES;
				GCC_WARN_64_TO_32_BIT_CONVERSION = YES;
				GCC_WARN_ABOUT_RETURN_TYPE = YES_ERROR;
				GCC_WARN_UNDECLARED_SELECTOR = YES;
				GCC_WARN_UNINITIALIZED_AUTOS = YES_AGGRESSIVE;
				GCC_WARN_UNUSED_FUNCTION = YES;
				GCC_WARN_UNUSED_VARIABLE = YES;
				IPHONEOS_DEPLOYMENT_TARGET = 16.4;
				MTL_ENABLE_DEBUG_INFO = NO;
				MTL_FAST_MATH = YES;
				SDKROOT = iphoneos;
				SWIFT_COMPILATION_MODE = wholemodule;
				SWIFT_OPTIMIZATION_LEVEL = "-O";
				VALIDATE_PRODUCT = YES;
			};
			name = Release;
		};
		515465CB2A0A9D0800382856 /* Debug */ = {
			isa = XCBuildConfiguration;
			buildSettings = {
				ASSETCATALOG_COMPILER_APPICON_NAME = AppIcon;
				ASSETCATALOG_COMPILER_GLOBAL_ACCENT_COLOR_NAME = AccentColor;
				CODE_SIGN_STYLE = Automatic;
				CURRENT_PROJECT_VERSION = 1;
				DEVELOPMENT_ASSET_PATHS = "\"MoneyTalks/Preview Content\"";
				DEVELOPMENT_TEAM = 99698VC6BG;
				ENABLE_PREVIEWS = YES;
				GENERATE_INFOPLIST_FILE = YES;
				INFOPLIST_KEY_UIApplicationSceneManifest_Generation = YES;
				INFOPLIST_KEY_UIApplicationSupportsIndirectInputEvents = YES;
				INFOPLIST_KEY_UILaunchScreen_Generation = YES;
				INFOPLIST_KEY_UISupportedInterfaceOrientations_iPad = "UIInterfaceOrientationPortrait UIInterfaceOrientationPortraitUpsideDown UIInterfaceOrientationLandscapeLeft UIInterfaceOrientationLandscapeRight";
				INFOPLIST_KEY_UISupportedInterfaceOrientations_iPhone = "UIInterfaceOrientationPortrait UIInterfaceOrientationLandscapeLeft UIInterfaceOrientationLandscapeRight";
				IPHONEOS_DEPLOYMENT_TARGET = 16.3;
				LD_RUNPATH_SEARCH_PATHS = (
					"$(inherited)",
					"@executable_path/Frameworks",
				);
				MARKETING_VERSION = 1.0;
				PRODUCT_BUNDLE_IDENTIFIER = net.refractored.MoneyTalks;
				PRODUCT_NAME = "$(TARGET_NAME)";
				SWIFT_EMIT_LOC_STRINGS = YES;
				SWIFT_VERSION = 5.0;
				TARGETED_DEVICE_FAMILY = "1,2";
			};
			name = Debug;
		};
		515465CC2A0A9D0800382856 /* Release */ = {
			isa = XCBuildConfiguration;
			buildSettings = {
				ASSETCATALOG_COMPILER_APPICON_NAME = AppIcon;
				ASSETCATALOG_COMPILER_GLOBAL_ACCENT_COLOR_NAME = AccentColor;
				CODE_SIGN_STYLE = Automatic;
				CURRENT_PROJECT_VERSION = 1;
				DEVELOPMENT_ASSET_PATHS = "\"MoneyTalks/Preview Content\"";
				DEVELOPMENT_TEAM = 99698VC6BG;
				ENABLE_PREVIEWS = YES;
				GENERATE_INFOPLIST_FILE = YES;
				INFOPLIST_KEY_UIApplicationSceneManifest_Generation = YES;
				INFOPLIST_KEY_UIApplicationSupportsIndirectInputEvents = YES;
				INFOPLIST_KEY_UILaunchScreen_Generation = YES;
				INFOPLIST_KEY_UISupportedInterfaceOrientations_iPad = "UIInterfaceOrientationPortrait UIInterfaceOrientationPortraitUpsideDown UIInterfaceOrientationLandscapeLeft UIInterfaceOrientationLandscapeRight";
				INFOPLIST_KEY_UISupportedInterfaceOrientations_iPhone = "UIInterfaceOrientationPortrait UIInterfaceOrientationLandscapeLeft UIInterfaceOrientationLandscapeRight";
				IPHONEOS_DEPLOYMENT_TARGET = 16.3;
				LD_RUNPATH_SEARCH_PATHS = (
					"$(inherited)",
					"@executable_path/Frameworks",
				);
				MARKETING_VERSION = 1.0;
				PRODUCT_BUNDLE_IDENTIFIER = net.refractored.MoneyTalks;
				PRODUCT_NAME = "$(TARGET_NAME)";
				SWIFT_EMIT_LOC_STRINGS = YES;
				SWIFT_VERSION = 5.0;
				TARGETED_DEVICE_FAMILY = "1,2";
			};
			name = Release;
		};
		515465CE2A0A9D0800382856 /* Debug */ = {
			isa = XCBuildConfiguration;
			buildSettings = {
				ALWAYS_EMBED_SWIFT_STANDARD_LIBRARIES = YES;
				BUNDLE_LOADER = "$(TEST_HOST)";
				CODE_SIGN_STYLE = Automatic;
				CURRENT_PROJECT_VERSION = 1;
				DEVELOPMENT_TEAM = 99698VC6BG;
				GENERATE_INFOPLIST_FILE = YES;
				IPHONEOS_DEPLOYMENT_TARGET = 16.4;
				MARKETING_VERSION = 1.0;
				PRODUCT_BUNDLE_IDENTIFIER = net.refractored.MoneyTalksTests;
				PRODUCT_NAME = "$(TARGET_NAME)";
				SWIFT_EMIT_LOC_STRINGS = NO;
				SWIFT_VERSION = 5.0;
				TARGETED_DEVICE_FAMILY = "1,2";
				TEST_HOST = "$(BUILT_PRODUCTS_DIR)/MoneyTalks.app/$(BUNDLE_EXECUTABLE_FOLDER_PATH)/MoneyTalks";
			};
			name = Debug;
		};
		515465CF2A0A9D0800382856 /* Release */ = {
			isa = XCBuildConfiguration;
			buildSettings = {
				ALWAYS_EMBED_SWIFT_STANDARD_LIBRARIES = YES;
				BUNDLE_LOADER = "$(TEST_HOST)";
				CODE_SIGN_STYLE = Automatic;
				CURRENT_PROJECT_VERSION = 1;
				DEVELOPMENT_TEAM = 99698VC6BG;
				GENERATE_INFOPLIST_FILE = YES;
				IPHONEOS_DEPLOYMENT_TARGET = 16.4;
				MARKETING_VERSION = 1.0;
				PRODUCT_BUNDLE_IDENTIFIER = net.refractored.MoneyTalksTests;
				PRODUCT_NAME = "$(TARGET_NAME)";
				SWIFT_EMIT_LOC_STRINGS = NO;
				SWIFT_VERSION = 5.0;
				TARGETED_DEVICE_FAMILY = "1,2";
				TEST_HOST = "$(BUILT_PRODUCTS_DIR)/MoneyTalks.app/$(BUNDLE_EXECUTABLE_FOLDER_PATH)/MoneyTalks";
			};
			name = Release;
		};
		515465D12A0A9D0800382856 /* Debug */ = {
			isa = XCBuildConfiguration;
			buildSettings = {
				ALWAYS_EMBED_SWIFT_STANDARD_LIBRARIES = YES;
				CODE_SIGN_STYLE = Automatic;
				CURRENT_PROJECT_VERSION = 1;
				DEVELOPMENT_TEAM = 99698VC6BG;
				GENERATE_INFOPLIST_FILE = YES;
				MARKETING_VERSION = 1.0;
				PRODUCT_BUNDLE_IDENTIFIER = net.refractored.MoneyTalksUITests;
				PRODUCT_NAME = "$(TARGET_NAME)";
				SWIFT_EMIT_LOC_STRINGS = NO;
				SWIFT_VERSION = 5.0;
				TARGETED_DEVICE_FAMILY = "1,2";
				TEST_TARGET_NAME = MoneyTalks;
			};
			name = Debug;
		};
		515465D22A0A9D0800382856 /* Release */ = {
			isa = XCBuildConfiguration;
			buildSettings = {
				ALWAYS_EMBED_SWIFT_STANDARD_LIBRARIES = YES;
				CODE_SIGN_STYLE = Automatic;
				CURRENT_PROJECT_VERSION = 1;
				DEVELOPMENT_TEAM = 99698VC6BG;
				GENERATE_INFOPLIST_FILE = YES;
				MARKETING_VERSION = 1.0;
				PRODUCT_BUNDLE_IDENTIFIER = net.refractored.MoneyTalksUITests;
				PRODUCT_NAME = "$(TARGET_NAME)";
				SWIFT_EMIT_LOC_STRINGS = NO;
				SWIFT_VERSION = 5.0;
				TARGETED_DEVICE_FAMILY = "1,2";
				TEST_TARGET_NAME = MoneyTalks;
			};
			name = Release;
		};
/* End XCBuildConfiguration section */

/* Begin XCConfigurationList section */
		515465A12A0A9D0700382856 /* Build configuration list for PBXProject "MoneyTalks" */ = {
			isa = XCConfigurationList;
			buildConfigurations = (
				515465C82A0A9D0800382856 /* Debug */,
				515465C92A0A9D0800382856 /* Release */,
			);
			defaultConfigurationIsVisible = 0;
			defaultConfigurationName = Release;
		};
		515465CA2A0A9D0800382856 /* Build configuration list for PBXNativeTarget "MoneyTalks" */ = {
			isa = XCConfigurationList;
			buildConfigurations = (
				515465CB2A0A9D0800382856 /* Debug */,
				515465CC2A0A9D0800382856 /* Release */,
			);
			defaultConfigurationIsVisible = 0;
			defaultConfigurationName = Release;
		};
		515465CD2A0A9D0800382856 /* Build configuration list for PBXNativeTarget "MoneyTalksTests" */ = {
			isa = XCConfigurationList;
			buildConfigurations = (
				515465CE2A0A9D0800382856 /* Debug */,
				515465CF2A0A9D0800382856 /* Release */,
			);
			defaultConfigurationIsVisible = 0;
			defaultConfigurationName = Release;
		};
		515465D02A0A9D0800382856 /* Build configuration list for PBXNativeTarget "MoneyTalksUITests" */ = {
			isa = XCConfigurationList;
			buildConfigurations = (
				515465D12A0A9D0800382856 /* Debug */,
				515465D22A0A9D0800382856 /* Release */,
			);
			defaultConfigurationIsVisible = 0;
			defaultConfigurationName = Release;
		};
/* End XCConfigurationList section */

/* Begin XCRemoteSwiftPackageReference section */
		517D64482A0AA3AD00EA4352 /* XCRemoteSwiftPackageReference "SwiftLint" */ = {
			isa = XCRemoteSwiftPackageReference;
			repositoryURL = "https://github.com/realm/SwiftLint";
			requirement = {
				kind = upToNextMajorVersion;
				minimumVersion = 0.51.0;
			};
		};
		517D644D2A0AA60000EA4352 /* XCRemoteSwiftPackageReference "firebase-ios-sdk" */ = {
			isa = XCRemoteSwiftPackageReference;
			repositoryURL = "https://github.com/firebase/firebase-ios-sdk.git";
			requirement = {
				kind = upToNextMajorVersion;
				minimumVersion = 10.0.0;
			};
		};
/* End XCRemoteSwiftPackageReference section */

/* Begin XCSwiftPackageProductDependency section */
		517D644B2A0AA51C00EA4352 /* SwiftLintPlugin */ = {
			isa = XCSwiftPackageProductDependency;
			package = 517D64482A0AA3AD00EA4352 /* XCRemoteSwiftPackageReference "SwiftLint" */;
			productName = "plugin:SwiftLintPlugin";
		};
		517D644E2A0AA60000EA4352 /* FirebaseAnalytics */ = {
			isa = XCSwiftPackageProductDependency;
			package = 517D644D2A0AA60000EA4352 /* XCRemoteSwiftPackageReference "firebase-ios-sdk" */;
			productName = FirebaseAnalytics;
		};
		517D64502A0AA60000EA4352 /* FirebaseAnalyticsOnDeviceConversion */ = {
			isa = XCSwiftPackageProductDependency;
			package = 517D644D2A0AA60000EA4352 /* XCRemoteSwiftPackageReference "firebase-ios-sdk" */;
			productName = FirebaseAnalyticsOnDeviceConversion;
		};
		517D64522A0AA60000EA4352 /* FirebaseAnalyticsSwift */ = {
			isa = XCSwiftPackageProductDependency;
			package = 517D644D2A0AA60000EA4352 /* XCRemoteSwiftPackageReference "firebase-ios-sdk" */;
			productName = FirebaseAnalyticsSwift;
		};
		517D64542A0AA60000EA4352 /* FirebaseAnalyticsWithoutAdIdSupport */ = {
			isa = XCSwiftPackageProductDependency;
			package = 517D644D2A0AA60000EA4352 /* XCRemoteSwiftPackageReference "firebase-ios-sdk" */;
			productName = FirebaseAnalyticsWithoutAdIdSupport;
		};
		517D64562A0AA60000EA4352 /* FirebaseAppCheck */ = {
			isa = XCSwiftPackageProductDependency;
			package = 517D644D2A0AA60000EA4352 /* XCRemoteSwiftPackageReference "firebase-ios-sdk" */;
			productName = FirebaseAppCheck;
		};
		517D64582A0AA60000EA4352 /* FirebaseAppDistribution-Beta */ = {
			isa = XCSwiftPackageProductDependency;
			package = 517D644D2A0AA60000EA4352 /* XCRemoteSwiftPackageReference "firebase-ios-sdk" */;
			productName = "FirebaseAppDistribution-Beta";
		};
		517D645A2A0AA60000EA4352 /* FirebaseAuth */ = {
			isa = XCSwiftPackageProductDependency;
			package = 517D644D2A0AA60000EA4352 /* XCRemoteSwiftPackageReference "firebase-ios-sdk" */;
			productName = FirebaseAuth;
		};
		517D645C2A0AA60000EA4352 /* FirebaseAuthCombine-Community */ = {
			isa = XCSwiftPackageProductDependency;
			package = 517D644D2A0AA60000EA4352 /* XCRemoteSwiftPackageReference "firebase-ios-sdk" */;
			productName = "FirebaseAuthCombine-Community";
		};
		517D645E2A0AA60000EA4352 /* FirebaseCrashlytics */ = {
			isa = XCSwiftPackageProductDependency;
			package = 517D644D2A0AA60000EA4352 /* XCRemoteSwiftPackageReference "firebase-ios-sdk" */;
			productName = FirebaseCrashlytics;
		};
		517D64602A0AA60000EA4352 /* FirebaseDatabase */ = {
			isa = XCSwiftPackageProductDependency;
			package = 517D644D2A0AA60000EA4352 /* XCRemoteSwiftPackageReference "firebase-ios-sdk" */;
			productName = FirebaseDatabase;
		};
		517D64622A0AA60000EA4352 /* FirebaseDatabaseSwift */ = {
			isa = XCSwiftPackageProductDependency;
			package = 517D644D2A0AA60000EA4352 /* XCRemoteSwiftPackageReference "firebase-ios-sdk" */;
			productName = FirebaseDatabaseSwift;
		};
		517D64642A0AA60000EA4352 /* FirebaseDynamicLinks */ = {
			isa = XCSwiftPackageProductDependency;
			package = 517D644D2A0AA60000EA4352 /* XCRemoteSwiftPackageReference "firebase-ios-sdk" */;
			productName = FirebaseDynamicLinks;
		};
		517D64662A0AA60000EA4352 /* FirebaseFirestore */ = {
			isa = XCSwiftPackageProductDependency;
			package = 517D644D2A0AA60000EA4352 /* XCRemoteSwiftPackageReference "firebase-ios-sdk" */;
			productName = FirebaseFirestore;
		};
		517D64682A0AA60000EA4352 /* FirebaseFirestoreCombine-Community */ = {
			isa = XCSwiftPackageProductDependency;
			package = 517D644D2A0AA60000EA4352 /* XCRemoteSwiftPackageReference "firebase-ios-sdk" */;
			productName = "FirebaseFirestoreCombine-Community";
		};
		517D646A2A0AA60000EA4352 /* FirebaseFirestoreSwift */ = {
			isa = XCSwiftPackageProductDependency;
			package = 517D644D2A0AA60000EA4352 /* XCRemoteSwiftPackageReference "firebase-ios-sdk" */;
			productName = FirebaseFirestoreSwift;
		};
		517D646C2A0AA60100EA4352 /* FirebaseFunctions */ = {
			isa = XCSwiftPackageProductDependency;
			package = 517D644D2A0AA60000EA4352 /* XCRemoteSwiftPackageReference "firebase-ios-sdk" */;
			productName = FirebaseFunctions;
		};
		517D646E2A0AA60100EA4352 /* FirebaseFunctionsCombine-Community */ = {
			isa = XCSwiftPackageProductDependency;
			package = 517D644D2A0AA60000EA4352 /* XCRemoteSwiftPackageReference "firebase-ios-sdk" */;
			productName = "FirebaseFunctionsCombine-Community";
		};
		517D64702A0AA60100EA4352 /* FirebaseInAppMessaging-Beta */ = {
			isa = XCSwiftPackageProductDependency;
			package = 517D644D2A0AA60000EA4352 /* XCRemoteSwiftPackageReference "firebase-ios-sdk" */;
			productName = "FirebaseInAppMessaging-Beta";
		};
		517D64722A0AA60100EA4352 /* FirebaseInAppMessagingSwift-Beta */ = {
			isa = XCSwiftPackageProductDependency;
			package = 517D644D2A0AA60000EA4352 /* XCRemoteSwiftPackageReference "firebase-ios-sdk" */;
			productName = "FirebaseInAppMessagingSwift-Beta";
		};
		517D64742A0AA60100EA4352 /* FirebaseInstallations */ = {
			isa = XCSwiftPackageProductDependency;
			package = 517D644D2A0AA60000EA4352 /* XCRemoteSwiftPackageReference "firebase-ios-sdk" */;
			productName = FirebaseInstallations;
		};
		517D64762A0AA60100EA4352 /* FirebaseMLModelDownloader */ = {
			isa = XCSwiftPackageProductDependency;
			package = 517D644D2A0AA60000EA4352 /* XCRemoteSwiftPackageReference "firebase-ios-sdk" */;
			productName = FirebaseMLModelDownloader;
		};
		517D64782A0AA60100EA4352 /* FirebaseMessaging */ = {
			isa = XCSwiftPackageProductDependency;
			package = 517D644D2A0AA60000EA4352 /* XCRemoteSwiftPackageReference "firebase-ios-sdk" */;
			productName = FirebaseMessaging;
		};
		517D647A2A0AA60100EA4352 /* FirebasePerformance */ = {
			isa = XCSwiftPackageProductDependency;
			package = 517D644D2A0AA60000EA4352 /* XCRemoteSwiftPackageReference "firebase-ios-sdk" */;
			productName = FirebasePerformance;
		};
		517D647C2A0AA60100EA4352 /* FirebaseRemoteConfig */ = {
			isa = XCSwiftPackageProductDependency;
			package = 517D644D2A0AA60000EA4352 /* XCRemoteSwiftPackageReference "firebase-ios-sdk" */;
			productName = FirebaseRemoteConfig;
		};
		517D647E2A0AA60100EA4352 /* FirebaseRemoteConfigSwift */ = {
			isa = XCSwiftPackageProductDependency;
			package = 517D644D2A0AA60000EA4352 /* XCRemoteSwiftPackageReference "firebase-ios-sdk" */;
			productName = FirebaseRemoteConfigSwift;
		};
		517D64802A0AA60100EA4352 /* FirebaseStorage */ = {
			isa = XCSwiftPackageProductDependency;
			package = 517D644D2A0AA60000EA4352 /* XCRemoteSwiftPackageReference "firebase-ios-sdk" */;
			productName = FirebaseStorage;
		};
		517D64822A0AA60100EA4352 /* FirebaseStorageCombine-Community */ = {
			isa = XCSwiftPackageProductDependency;
			package = 517D644D2A0AA60000EA4352 /* XCRemoteSwiftPackageReference "firebase-ios-sdk" */;
			productName = "FirebaseStorageCombine-Community";
		};
/* End XCSwiftPackageProductDependency section */
	};
	rootObject = 5154659E2A0A9D0700382856 /* Project object */;
}
